
Microsoft Visual Studio Solution File, Format Version 12.00
# Visual Studio 15
VisualStudioVersion = 15.0.26124.0
MinimumVisualStudioVersion = 15.0.26124.0
Project("{2150E333-8FDC-42A3-9474-1A3956D46DE8}") = "src", "src", "{DB9829DF-0FC0-4F33-826C-BBF9BFF3A8DF}"
EndProject
Project("{FAE04EC0-301F-11D3-BF4B-00C04F79EFBC}") = "Rpg.Models", "src\Rpg.Models\Rpg.Models.csproj", "{9EDB1619-1FDD-4BB7-AE1C-C7610B7907AC}"
EndProject
Project("{FAE04EC0-301F-11D3-BF4B-00C04F79EFBC}") = "Rpg.Logic", "src\Rpg.Logic\Rpg.Logic.csproj", "{2F769E31-2672-4706-8B18-9AF9FA8A9DC2}"
EndProject
Project("{2150E333-8FDC-42A3-9474-1A3956D46DE8}") = "tests", "tests", "{9772D903-C468-4828-A362-2480B0B06584}"
EndProject
Project("{FAE04EC0-301F-11D3-BF4B-00C04F79EFBC}") = "Rpg.Logic.Tests", "tests\Rpg.Logic.Tests\Rpg.Logic.Tests.csproj", "{166F9245-FE13-408D-A3CF-F732C060C09E}"
EndProject
Project("{FAE04EC0-301F-11D3-BF4B-00C04F79EFBC}") = "Rpg.Models.Tests", "tests\Rpg.Models.Tests\Rpg.Models.Tests.csproj", "{5806590A-A704-425D-97F8-D59D38E3EC26}"
EndProject
Project("{FAE04EC0-301F-11D3-BF4B-00C04F79EFBC}") = "Rpg.Commands", "src\Rpg.Commands\Rpg.Commands.csproj", "{DA4DFF53-A155-434B-9D05-63EE492D1155}"
EndProject
Project("{FAE04EC0-301F-11D3-BF4B-00C04F79EFBC}") = "Rpg.Commands.Tests", "tests\Rpg.Commands.Tests\Rpg.Commands.Tests.csproj", "{F325BFEF-D9F4-4B50-BC4B-B26644A71931}"
EndProject
Global
	GlobalSection(SolutionProperties) = preSolution
		HideSolutionNode = FALSE
	EndGlobalSection
	GlobalSection(SolutionConfigurationPlatforms) = preSolution
		Debug|Any CPU = Debug|Any CPU
		Debug|x64 = Debug|x64
		Debug|x86 = Debug|x86
		Release|Any CPU = Release|Any CPU
		Release|x64 = Release|x64
		Release|x86 = Release|x86
	EndGlobalSection
	GlobalSection(ProjectConfigurationPlatforms) = postSolution
		{9EDB1619-1FDD-4BB7-AE1C-C7610B7907AC}.Debug|Any CPU.ActiveCfg = Debug|Any CPU
		{9EDB1619-1FDD-4BB7-AE1C-C7610B7907AC}.Debug|Any CPU.Build.0 = Debug|Any CPU
		{9EDB1619-1FDD-4BB7-AE1C-C7610B7907AC}.Debug|x64.ActiveCfg = Debug|x64
		{9EDB1619-1FDD-4BB7-AE1C-C7610B7907AC}.Debug|x64.Build.0 = Debug|x64
		{9EDB1619-1FDD-4BB7-AE1C-C7610B7907AC}.Debug|x86.ActiveCfg = Debug|x86
		{9EDB1619-1FDD-4BB7-AE1C-C7610B7907AC}.Debug|x86.Build.0 = Debug|x86
		{9EDB1619-1FDD-4BB7-AE1C-C7610B7907AC}.Release|Any CPU.ActiveCfg = Release|Any CPU
		{9EDB1619-1FDD-4BB7-AE1C-C7610B7907AC}.Release|Any CPU.Build.0 = Release|Any CPU
		{9EDB1619-1FDD-4BB7-AE1C-C7610B7907AC}.Release|x64.ActiveCfg = Release|x64
		{9EDB1619-1FDD-4BB7-AE1C-C7610B7907AC}.Release|x64.Build.0 = Release|x64
		{9EDB1619-1FDD-4BB7-AE1C-C7610B7907AC}.Release|x86.ActiveCfg = Release|x86
		{9EDB1619-1FDD-4BB7-AE1C-C7610B7907AC}.Release|x86.Build.0 = Release|x86
		{2F769E31-2672-4706-8B18-9AF9FA8A9DC2}.Debug|Any CPU.ActiveCfg = Debug|Any CPU
		{2F769E31-2672-4706-8B18-9AF9FA8A9DC2}.Debug|Any CPU.Build.0 = Debug|Any CPU
		{2F769E31-2672-4706-8B18-9AF9FA8A9DC2}.Debug|x64.ActiveCfg = Debug|x64
		{2F769E31-2672-4706-8B18-9AF9FA8A9DC2}.Debug|x64.Build.0 = Debug|x64
		{2F769E31-2672-4706-8B18-9AF9FA8A9DC2}.Debug|x86.ActiveCfg = Debug|x86
		{2F769E31-2672-4706-8B18-9AF9FA8A9DC2}.Debug|x86.Build.0 = Debug|x86
		{2F769E31-2672-4706-8B18-9AF9FA8A9DC2}.Release|Any CPU.ActiveCfg = Release|Any CPU
		{2F769E31-2672-4706-8B18-9AF9FA8A9DC2}.Release|Any CPU.Build.0 = Release|Any CPU
		{2F769E31-2672-4706-8B18-9AF9FA8A9DC2}.Release|x64.ActiveCfg = Release|x64
		{2F769E31-2672-4706-8B18-9AF9FA8A9DC2}.Release|x64.Build.0 = Release|x64
		{2F769E31-2672-4706-8B18-9AF9FA8A9DC2}.Release|x86.ActiveCfg = Release|x86
		{2F769E31-2672-4706-8B18-9AF9FA8A9DC2}.Release|x86.Build.0 = Release|x86
		{166F9245-FE13-408D-A3CF-F732C060C09E}.Debug|Any CPU.ActiveCfg = Debug|Any CPU
		{166F9245-FE13-408D-A3CF-F732C060C09E}.Debug|Any CPU.Build.0 = Debug|Any CPU
		{166F9245-FE13-408D-A3CF-F732C060C09E}.Debug|x64.ActiveCfg = Debug|x64
		{166F9245-FE13-408D-A3CF-F732C060C09E}.Debug|x64.Build.0 = Debug|x64
		{166F9245-FE13-408D-A3CF-F732C060C09E}.Debug|x86.ActiveCfg = Debug|x86
		{166F9245-FE13-408D-A3CF-F732C060C09E}.Debug|x86.Build.0 = Debug|x86
		{166F9245-FE13-408D-A3CF-F732C060C09E}.Release|Any CPU.ActiveCfg = Release|Any CPU
		{166F9245-FE13-408D-A3CF-F732C060C09E}.Release|Any CPU.Build.0 = Release|Any CPU
		{166F9245-FE13-408D-A3CF-F732C060C09E}.Release|x64.ActiveCfg = Release|x64
		{166F9245-FE13-408D-A3CF-F732C060C09E}.Release|x64.Build.0 = Release|x64
		{166F9245-FE13-408D-A3CF-F732C060C09E}.Release|x86.ActiveCfg = Release|x86
		{166F9245-FE13-408D-A3CF-F732C060C09E}.Release|x86.Build.0 = Release|x86
		{5806590A-A704-425D-97F8-D59D38E3EC26}.Debug|Any CPU.ActiveCfg = Debug|Any CPU
		{5806590A-A704-425D-97F8-D59D38E3EC26}.Debug|Any CPU.Build.0 = Debug|Any CPU
		{5806590A-A704-425D-97F8-D59D38E3EC26}.Debug|x64.ActiveCfg = Debug|x64
		{5806590A-A704-425D-97F8-D59D38E3EC26}.Debug|x64.Build.0 = Debug|x64
		{5806590A-A704-425D-97F8-D59D38E3EC26}.Debug|x86.ActiveCfg = Debug|x86
		{5806590A-A704-425D-97F8-D59D38E3EC26}.Debug|x86.Build.0 = Debug|x86
		{5806590A-A704-425D-97F8-D59D38E3EC26}.Release|Any CPU.ActiveCfg = Release|Any CPU
		{5806590A-A704-425D-97F8-D59D38E3EC26}.Release|Any CPU.Build.0 = Release|Any CPU
		{5806590A-A704-425D-97F8-D59D38E3EC26}.Release|x64.ActiveCfg = Release|x64
		{5806590A-A704-425D-97F8-D59D38E3EC26}.Release|x64.Build.0 = Release|x64
		{5806590A-A704-425D-97F8-D59D38E3EC26}.Release|x86.ActiveCfg = Release|x86
		{5806590A-A704-425D-97F8-D59D38E3EC26}.Release|x86.Build.0 = Release|x86
		{DA4DFF53-A155-434B-9D05-63EE492D1155}.Debug|Any CPU.ActiveCfg = Debug|Any CPU
		{DA4DFF53-A155-434B-9D05-63EE492D1155}.Debug|Any CPU.Build.0 = Debug|Any CPU
		{DA4DFF53-A155-434B-9D05-63EE492D1155}.Debug|x64.ActiveCfg = Debug|x64
		{DA4DFF53-A155-434B-9D05-63EE492D1155}.Debug|x64.Build.0 = Debug|x64
		{DA4DFF53-A155-434B-9D05-63EE492D1155}.Debug|x86.ActiveCfg = Debug|x86
		{DA4DFF53-A155-434B-9D05-63EE492D1155}.Debug|x86.Build.0 = Debug|x86
		{DA4DFF53-A155-434B-9D05-63EE492D1155}.Release|Any CPU.ActiveCfg = Release|Any CPU
		{DA4DFF53-A155-434B-9D05-63EE492D1155}.Release|Any CPU.Build.0 = Release|Any CPU
		{DA4DFF53-A155-434B-9D05-63EE492D1155}.Release|x64.ActiveCfg = Release|x64
		{DA4DFF53-A155-434B-9D05-63EE492D1155}.Release|x64.Build.0 = Release|x64
		{DA4DFF53-A155-434B-9D05-63EE492D1155}.Release|x86.ActiveCfg = Release|x86
		{DA4DFF53-A155-434B-9D05-63EE492D1155}.Release|x86.Build.0 = Release|x86
		{F325BFEF-D9F4-4B50-BC4B-B26644A71931}.Debug|Any CPU.ActiveCfg = Debug|Any CPU
		{F325BFEF-D9F4-4B50-BC4B-B26644A71931}.Debug|Any CPU.Build.0 = Debug|Any CPU
		{F325BFEF-D9F4-4B50-BC4B-B26644A71931}.Debug|x64.ActiveCfg = Debug|x64
		{F325BFEF-D9F4-4B50-BC4B-B26644A71931}.Debug|x64.Build.0 = Debug|x64
		{F325BFEF-D9F4-4B50-BC4B-B26644A71931}.Debug|x86.ActiveCfg = Debug|x86
		{F325BFEF-D9F4-4B50-BC4B-B26644A71931}.Debug|x86.Build.0 = Debug|x86
		{F325BFEF-D9F4-4B50-BC4B-B26644A71931}.Release|Any CPU.ActiveCfg = Release|Any CPU
		{F325BFEF-D9F4-4B50-BC4B-B26644A71931}.Release|Any CPU.Build.0 = Release|Any CPU
		{F325BFEF-D9F4-4B50-BC4B-B26644A71931}.Release|x64.ActiveCfg = Release|x64
		{F325BFEF-D9F4-4B50-BC4B-B26644A71931}.Release|x64.Build.0 = Release|x64
		{F325BFEF-D9F4-4B50-BC4B-B26644A71931}.Release|x86.ActiveCfg = Release|x86
		{F325BFEF-D9F4-4B50-BC4B-B26644A71931}.Release|x86.Build.0 = Release|x86
	EndGlobalSection
	GlobalSection(NestedProjects) = preSolution
		{9EDB1619-1FDD-4BB7-AE1C-C7610B7907AC} = {DB9829DF-0FC0-4F33-826C-BBF9BFF3A8DF}
		{2F769E31-2672-4706-8B18-9AF9FA8A9DC2} = {DB9829DF-0FC0-4F33-826C-BBF9BFF3A8DF}
		{166F9245-FE13-408D-A3CF-F732C060C09E} = {9772D903-C468-4828-A362-2480B0B06584}
		{5806590A-A704-425D-97F8-D59D38E3EC26} = {9772D903-C468-4828-A362-2480B0B06584}
		{DA4DFF53-A155-434B-9D05-63EE492D1155} = {DB9829DF-0FC0-4F33-826C-BBF9BFF3A8DF}
		{F325BFEF-D9F4-4B50-BC4B-B26644A71931} = {9772D903-C468-4828-A362-2480B0B06584}
	EndGlobalSection
EndGlobal
